
Microsoft Visual Studio Solution File, Format Version 12.00
# Visual Studio Version 17
VisualStudioVersion = 17.9.34607.119
MinimumVisualStudioVersion = 10.0.40219.1
Project("{9A19103F-16F7-4668-BE54-9A1E7A4F7556}") = "rtsp-camera-viewer", "rtsp-camera-viewer\rtsp-camera-viewer.csproj", "{CAE57B2A-A2DB-4F0F-AABD-CD3F41250EC6}"
EndProject
Project("{FAE04EC0-301F-11D3-BF4B-00C04F79EFBC}") = "rtsp-viewer-avalonia", "rtsp-viewer-avalonia\rtsp-viewer-avalonia.csproj", "{2725379E-4DC7-47A9-9D02-2AB446F801F4}"
EndProject
Project("{FAE04EC0-301F-11D3-BF4B-00C04F79EFBC}") = "rtsp-camera-viewer-common", "rtsp-camera-viewer-common\rtsp-camera-viewer-common.csproj", "{EFED6F5B-25FE-4336-975A-5042791C811D}"
EndProject
Project("{FAE04EC0-301F-11D3-BF4B-00C04F79EFBC}") = "viewer-settings", "viewer-settings\viewer-settings.csproj", "{D7D7647B-1CCD-48BC-ABEE-3E3BB8158659}"
EndProject
Global
	GlobalSection(SolutionConfigurationPlatforms) = preSolution
		Debug|Any CPU = Debug|Any CPU
		Release|Any CPU = Release|Any CPU
	EndGlobalSection
	GlobalSection(ProjectConfigurationPlatforms) = postSolution
		{CAE57B2A-A2DB-4F0F-AABD-CD3F41250EC6}.Debug|Any CPU.ActiveCfg = Debug|Any CPU
		{CAE57B2A-A2DB-4F0F-AABD-CD3F41250EC6}.Debug|Any CPU.Build.0 = Debug|Any CPU
		{CAE57B2A-A2DB-4F0F-AABD-CD3F41250EC6}.Release|Any CPU.ActiveCfg = Release|Any CPU
		{CAE57B2A-A2DB-4F0F-AABD-CD3F41250EC6}.Release|Any CPU.Build.0 = Release|Any CPU
		{2725379E-4DC7-47A9-9D02-2AB446F801F4}.Debug|Any CPU.ActiveCfg = Debug|Any CPU
		{2725379E-4DC7-47A9-9D02-2AB446F801F4}.Debug|Any CPU.Build.0 = Debug|Any CPU
		{2725379E-4DC7-47A9-9D02-2AB446F801F4}.Release|Any CPU.ActiveCfg = Release|Any CPU
		{2725379E-4DC7-47A9-9D02-2AB446F801F4}.Release|Any CPU.Build.0 = Release|Any CPU
		{EFED6F5B-25FE-4336-975A-5042791C811D}.Debug|Any CPU.ActiveCfg = Debug|Any CPU
		{EFED6F5B-25FE-4336-975A-5042791C811D}.Debug|Any CPU.Build.0 = Debug|Any CPU
		{EFED6F5B-25FE-4336-975A-5042791C811D}.Release|Any CPU.ActiveCfg = Release|Any CPU
		{EFED6F5B-25FE-4336-975A-5042791C811D}.Release|Any CPU.Build.0 = Release|Any CPU
		{D7D7647B-1CCD-48BC-ABEE-3E3BB8158659}.Debug|Any CPU.ActiveCfg = Debug|Any CPU
		{D7D7647B-1CCD-48BC-ABEE-3E3BB8158659}.Debug|Any CPU.Build.0 = Debug|Any CPU
		{D7D7647B-1CCD-48BC-ABEE-3E3BB8158659}.Release|Any CPU.ActiveCfg = Release|Any CPU
		{D7D7647B-1CCD-48BC-ABEE-3E3BB8158659}.Release|Any CPU.Build.0 = Release|Any CPU
	EndGlobalSection
	GlobalSection(SolutionProperties) = preSolution
		HideSolutionNode = FALSE
	EndGlobalSection
	GlobalSection(ExtensibilityGlobals) = postSolution
		SolutionGuid = {549E07BB-E7D0-4ED7-B59F-1CE9BA50E380}
	EndGlobalSection
EndGlobal
